// !$*UTF8*$!
{
	archiveVersion = 1;
	classes = {
	};
	objectVersion = 46;
	objects = {

/* Begin PBXBuildFile section */
		120FA4F5FC84BF8F67A3FEBE /* Pods_TestXLPagerTabStripTests.framework in Frameworks */ = {isa = PBXBuildFile; fileRef = AE38A0B4C6007BB34F51B86D /* Pods_TestXLPagerTabStripTests.framework */; };
		411EB3351F0CE84700E1229F /* MyTabViewController.swift in Sources */ = {isa = PBXBuildFile; fileRef = 411EB3341F0CE84700E1229F /* MyTabViewController.swift */; };
		41E3F84F1F0CE27F00948B42 /* AppDelegate.swift in Sources */ = {isa = PBXBuildFile; fileRef = 41E3F84E1F0CE27F00948B42 /* AppDelegate.swift */; };
		41E3F8511F0CE27F00948B42 /* ViewController.swift in Sources */ = {isa = PBXBuildFile; fileRef = 41E3F8501F0CE27F00948B42 /* ViewController.swift */; };
		41E3F8541F0CE27F00948B42 /* Main.storyboard in Resources */ = {isa = PBXBuildFile; fileRef = 41E3F8521F0CE27F00948B42 /* Main.storyboard */; };
		41E3F8561F0CE27F00948B42 /* Assets.xcassets in Resources */ = {isa = PBXBuildFile; fileRef = 41E3F8551F0CE27F00948B42 /* Assets.xcassets */; };
		41E3F8591F0CE27F00948B42 /* LaunchScreen.storyboard in Resources */ = {isa = PBXBuildFile; fileRef = 41E3F8571F0CE27F00948B42 /* LaunchScreen.storyboard */; };
		41E3F8641F0CE27F00948B42 /* TestXLPagerTabStripTests.swift in Sources */ = {isa = PBXBuildFile; fileRef = 41E3F8631F0CE27F00948B42 /* TestXLPagerTabStripTests.swift */; };
		41E3F86F1F0CE27F00948B42 /* TestXLPagerTabStripUITests.swift in Sources */ = {isa = PBXBuildFile; fileRef = 41E3F86E1F0CE27F00948B42 /* TestXLPagerTabStripUITests.swift */; };
		41E3F87F1F0CE2BC00948B42 /* Tab.storyboard in Resources */ = {isa = PBXBuildFile; fileRef = 41E3F87E1F0CE2BC00948B42 /* Tab.storyboard */; };
		41E3F8811F0CE50E00948B42 /* AViewController.swift in Sources */ = {isa = PBXBuildFile; fileRef = 41E3F8801F0CE50E00948B42 /* AViewController.swift */; };
		41E3F8831F0CE51F00948B42 /* BViewController.swift in Sources */ = {isa = PBXBuildFile; fileRef = 41E3F8821F0CE51F00948B42 /* BViewController.swift */; };
		9B6F268D8591308EA67A9848 /* Pods_TestXLPagerTabStrip.framework in Frameworks */ = {isa = PBXBuildFile; fileRef = 71A73D03020B3322DB2F42F1 /* Pods_TestXLPagerTabStrip.framework */; };
		A4CAB9DC75401B4FB7B6C920 /* Pods_TestXLPagerTabStripUITests.framework in Frameworks */ = {isa = PBXBuildFile; fileRef = C9B86280E623E0B8966C1FE2 /* Pods_TestXLPagerTabStripUITests.framework */; };
/* End PBXBuildFile section */

/* Begin PBXContainerItemProxy section */
		41E3F8601F0CE27F00948B42 /* PBXContainerItemProxy */ = {
			isa = PBXContainerItemProxy;
			containerPortal = 41E3F8431F0CE27F00948B42 /* Project object */;
			proxyType = 1;
			remoteGlobalIDString = 41E3F84A1F0CE27F00948B42;
			remoteInfo = TestXLPagerTabStrip;
		};
		41E3F86B1F0CE27F00948B42 /* PBXContainerItemProxy */ = {
			isa = PBXContainerItemProxy;
			containerPortal = 41E3F8431F0CE27F00948B42 /* Project object */;
			proxyType = 1;
			remoteGlobalIDString = 41E3F84A1F0CE27F00948B42;
			remoteInfo = TestXLPagerTabStrip;
		};
/* End PBXContainerItemProxy section */

/* Begin PBXFileReference section */
		04C31E1489FC07FEE0941996 /* Pods-TestXLPagerTabStrip.release.xcconfig */ = {isa = PBXFileReference; includeInIndex = 1; lastKnownFileType = text.xcconfig; name = "Pods-TestXLPagerTabStrip.release.xcconfig"; path = "Pods/Target Support Files/Pods-TestXLPagerTabStrip/Pods-TestXLPagerTabStrip.release.xcconfig"; sourceTree = "<group>"; };
		3FEC7A94C19023B0E449116E /* Pods-TestXLPagerTabStripUITests.debug.xcconfig */ = {isa = PBXFileReference; includeInIndex = 1; lastKnownFileType = text.xcconfig; name = "Pods-TestXLPagerTabStripUITests.debug.xcconfig"; path = "Pods/Target Support Files/Pods-TestXLPagerTabStripUITests/Pods-TestXLPagerTabStripUITests.debug.xcconfig"; sourceTree = "<group>"; };
		411EB3341F0CE84700E1229F /* MyTabViewController.swift */ = {isa = PBXFileReference; fileEncoding = 4; lastKnownFileType = sourcecode.swift; path = MyTabViewController.swift; sourceTree = "<group>"; };
		41E3F84B1F0CE27F00948B42 /* TestXLPagerTabStrip.app */ = {isa = PBXFileReference; explicitFileType = wrapper.application; includeInIndex = 0; path = TestXLPagerTabStrip.app; sourceTree = BUILT_PRODUCTS_DIR; };
		41E3F84E1F0CE27F00948B42 /* AppDelegate.swift */ = {isa = PBXFileReference; lastKnownFileType = sourcecode.swift; path = AppDelegate.swift; sourceTree = "<group>"; };
		41E3F8501F0CE27F00948B42 /* ViewController.swift */ = {isa = PBXFileReference; lastKnownFileType = sourcecode.swift; path = ViewController.swift; sourceTree = "<group>"; };
		41E3F8531F0CE27F00948B42 /* Base */ = {isa = PBXFileReference; lastKnownFileType = file.storyboard; name = Base; path = Base.lproj/Main.storyboard; sourceTree = "<group>"; };
		41E3F8551F0CE27F00948B42 /* Assets.xcassets */ = {isa = PBXFileReference; lastKnownFileType = folder.assetcatalog; path = Assets.xcassets; sourceTree = "<group>"; };
		41E3F8581F0CE27F00948B42 /* Base */ = {isa = PBXFileReference; lastKnownFileType = file.storyboard; name = Base; path = Base.lproj/LaunchScreen.storyboard; sourceTree = "<group>"; };
		41E3F85A1F0CE27F00948B42 /* Info.plist */ = {isa = PBXFileReference; lastKnownFileType = text.plist.xml; path = Info.plist; sourceTree = "<group>"; };
		41E3F85F1F0CE27F00948B42 /* TestXLPagerTabStripTests.xctest */ = {isa = PBXFileReference; explicitFileType = wrapper.cfbundle; includeInIndex = 0; path = TestXLPagerTabStripTests.xctest; sourceTree = BUILT_PRODUCTS_DIR; };
		41E3F8631F0CE27F00948B42 /* TestXLPagerTabStripTests.swift */ = {isa = PBXFileReference; lastKnownFileType = sourcecode.swift; path = TestXLPagerTabStripTests.swift; sourceTree = "<group>"; };
		41E3F8651F0CE27F00948B42 /* Info.plist */ = {isa = PBXFileReference; lastKnownFileType = text.plist.xml; path = Info.plist; sourceTree = "<group>"; };
		41E3F86A1F0CE27F00948B42 /* TestXLPagerTabStripUITests.xctest */ = {isa = PBXFileReference; explicitFileType = wrapper.cfbundle; includeInIndex = 0; path = TestXLPagerTabStripUITests.xctest; sourceTree = BUILT_PRODUCTS_DIR; };
		41E3F86E1F0CE27F00948B42 /* TestXLPagerTabStripUITests.swift */ = {isa = PBXFileReference; lastKnownFileType = sourcecode.swift; path = TestXLPagerTabStripUITests.swift; sourceTree = "<group>"; };
		41E3F8701F0CE27F00948B42 /* Info.plist */ = {isa = PBXFileReference; lastKnownFileType = text.plist.xml; path = Info.plist; sourceTree = "<group>"; };
		41E3F87E1F0CE2BC00948B42 /* Tab.storyboard */ = {isa = PBXFileReference; fileEncoding = 4; lastKnownFileType = file.storyboard; path = Tab.storyboard; sourceTree = "<group>"; };
		41E3F8801F0CE50E00948B42 /* AViewController.swift */ = {isa = PBXFileReference; fileEncoding = 4; lastKnownFileType = sourcecode.swift; path = AViewController.swift; sourceTree = "<group>"; };
		41E3F8821F0CE51F00948B42 /* BViewController.swift */ = {isa = PBXFileReference; fileEncoding = 4; lastKnownFileType = sourcecode.swift; path = BViewController.swift; sourceTree = "<group>"; };
		47550AF32749D9FA5C8519A0 /* Pods-TestXLPagerTabStripUITests.release.xcconfig */ = {isa = PBXFileReference; includeInIndex = 1; lastKnownFileType = text.xcconfig; name = "Pods-TestXLPagerTabStripUITests.release.xcconfig"; path = "Pods/Target Support Files/Pods-TestXLPagerTabStripUITests/Pods-TestXLPagerTabStripUITests.release.xcconfig"; sourceTree = "<group>"; };
		71A73D03020B3322DB2F42F1 /* Pods_TestXLPagerTabStrip.framework */ = {isa = PBXFileReference; explicitFileType = wrapper.framework; includeInIndex = 0; path = Pods_TestXLPagerTabStrip.framework; sourceTree = BUILT_PRODUCTS_DIR; };
		9ADF099AA46641B89C6C6BEA /* Pods-TestXLPagerTabStripTests.release.xcconfig */ = {isa = PBXFileReference; includeInIndex = 1; lastKnownFileType = text.xcconfig; name = "Pods-TestXLPagerTabStripTests.release.xcconfig"; path = "Pods/Target Support Files/Pods-TestXLPagerTabStripTests/Pods-TestXLPagerTabStripTests.release.xcconfig"; sourceTree = "<group>"; };
		ACEEBB8AB00E2CA707A3DF12 /* Pods-TestXLPagerTabStrip.debug.xcconfig */ = {isa = PBXFileReference; includeInIndex = 1; lastKnownFileType = text.xcconfig; name = "Pods-TestXLPagerTabStrip.debug.xcconfig"; path = "Pods/Target Support Files/Pods-TestXLPagerTabStrip/Pods-TestXLPagerTabStrip.debug.xcconfig"; sourceTree = "<group>"; };
		AE38A0B4C6007BB34F51B86D /* Pods_TestXLPagerTabStripTests.framework */ = {isa = PBXFileReference; explicitFileType = wrapper.framework; includeInIndex = 0; path = Pods_TestXLPagerTabStripTests.framework; sourceTree = BUILT_PRODUCTS_DIR; };
		C9B86280E623E0B8966C1FE2 /* Pods_TestXLPagerTabStripUITests.framework */ = {isa = PBXFileReference; explicitFileType = wrapper.framework; includeInIndex = 0; path = Pods_TestXLPagerTabStripUITests.framework; sourceTree = BUILT_PRODUCTS_DIR; };
		F63ECDD6D872A0A46A689315 /* Pods-TestXLPagerTabStripTests.debug.xcconfig */ = {isa = PBXFileReference; includeInIndex = 1; lastKnownFileType = text.xcconfig; name = "Pods-TestXLPagerTabStripTests.debug.xcconfig"; path = "Pods/Target Support Files/Pods-TestXLPagerTabStripTests/Pods-TestXLPagerTabStripTests.debug.xcconfig"; sourceTree = "<group>"; };
/* End PBXFileReference section */

/* Begin PBXFrameworksBuildPhase section */
		41E3F8481F0CE27F00948B42 /* Frameworks */ = {
			isa = PBXFrameworksBuildPhase;
			buildActionMask = 2147483647;
			files = (
				9B6F268D8591308EA67A9848 /* Pods_TestXLPagerTabStrip.framework in Frameworks */,
			);
			runOnlyForDeploymentPostprocessing = 0;
		};
		41E3F85C1F0CE27F00948B42 /* Frameworks */ = {
			isa = PBXFrameworksBuildPhase;
			buildActionMask = 2147483647;
			files = (
				120FA4F5FC84BF8F67A3FEBE /* Pods_TestXLPagerTabStripTests.framework in Frameworks */,
			);
			runOnlyForDeploymentPostprocessing = 0;
		};
		41E3F8671F0CE27F00948B42 /* Frameworks */ = {
			isa = PBXFrameworksBuildPhase;
			buildActionMask = 2147483647;
			files = (
				A4CAB9DC75401B4FB7B6C920 /* Pods_TestXLPagerTabStripUITests.framework in Frameworks */,
			);
			runOnlyForDeploymentPostprocessing = 0;
		};
/* End PBXFrameworksBuildPhase section */

/* Begin PBXGroup section */
		41E3F8421F0CE27F00948B42 = {
			isa = PBXGroup;
			children = (
				41E3F84D1F0CE27F00948B42 /* TestXLPagerTabStrip */,
				41E3F8621F0CE27F00948B42 /* TestXLPagerTabStripTests */,
				41E3F86D1F0CE27F00948B42 /* TestXLPagerTabStripUITests */,
				41E3F84C1F0CE27F00948B42 /* Products */,
				D62AB3FFB2CEDFB5714C8ADB /* Pods */,
				83FAD987A1FD124570D4BFE8 /* Frameworks */,
			);
			sourceTree = "<group>";
		};
		41E3F84C1F0CE27F00948B42 /* Products */ = {
			isa = PBXGroup;
			children = (
				41E3F84B1F0CE27F00948B42 /* TestXLPagerTabStrip.app */,
				41E3F85F1F0CE27F00948B42 /* TestXLPagerTabStripTests.xctest */,
				41E3F86A1F0CE27F00948B42 /* TestXLPagerTabStripUITests.xctest */,
			);
			name = Products;
			sourceTree = "<group>";
		};
		41E3F84D1F0CE27F00948B42 /* TestXLPagerTabStrip */ = {
			isa = PBXGroup;
			children = (
				41E3F85A1F0CE27F00948B42 /* Info.plist */,
				41E3F87E1F0CE2BC00948B42 /* Tab.storyboard */,
				41E3F84E1F0CE27F00948B42 /* AppDelegate.swift */,
				41E3F8801F0CE50E00948B42 /* AViewController.swift */,
				41E3F8821F0CE51F00948B42 /* BViewController.swift */,
				411EB3341F0CE84700E1229F /* MyTabViewController.swift */,
				41E3F8501F0CE27F00948B42 /* ViewController.swift */,
				41E3F8551F0CE27F00948B42 /* Assets.xcassets */,
				41E3F8571F0CE27F00948B42 /* LaunchScreen.storyboard */,
				41E3F8521F0CE27F00948B42 /* Main.storyboard */,
			);
			path = TestXLPagerTabStrip;
			sourceTree = "<group>";
		};
		41E3F8621F0CE27F00948B42 /* TestXLPagerTabStripTests */ = {
			isa = PBXGroup;
			children = (
				41E3F8631F0CE27F00948B42 /* TestXLPagerTabStripTests.swift */,
				41E3F8651F0CE27F00948B42 /* Info.plist */,
			);
			path = TestXLPagerTabStripTests;
			sourceTree = "<group>";
		};
		41E3F86D1F0CE27F00948B42 /* TestXLPagerTabStripUITests */ = {
			isa = PBXGroup;
			children = (
				41E3F86E1F0CE27F00948B42 /* TestXLPagerTabStripUITests.swift */,
				41E3F8701F0CE27F00948B42 /* Info.plist */,
			);
			path = TestXLPagerTabStripUITests;
			sourceTree = "<group>";
		};
		83FAD987A1FD124570D4BFE8 /* Frameworks */ = {
			isa = PBXGroup;
			children = (
				71A73D03020B3322DB2F42F1 /* Pods_TestXLPagerTabStrip.framework */,
				AE38A0B4C6007BB34F51B86D /* Pods_TestXLPagerTabStripTests.framework */,
				C9B86280E623E0B8966C1FE2 /* Pods_TestXLPagerTabStripUITests.framework */,
			);
			name = Frameworks;
			sourceTree = "<group>";
		};
		D62AB3FFB2CEDFB5714C8ADB /* Pods */ = {
			isa = PBXGroup;
			children = (
				ACEEBB8AB00E2CA707A3DF12 /* Pods-TestXLPagerTabStrip.debug.xcconfig */,
				04C31E1489FC07FEE0941996 /* Pods-TestXLPagerTabStrip.release.xcconfig */,
				F63ECDD6D872A0A46A689315 /* Pods-TestXLPagerTabStripTests.debug.xcconfig */,
				9ADF099AA46641B89C6C6BEA /* Pods-TestXLPagerTabStripTests.release.xcconfig */,
				3FEC7A94C19023B0E449116E /* Pods-TestXLPagerTabStripUITests.debug.xcconfig */,
				47550AF32749D9FA5C8519A0 /* Pods-TestXLPagerTabStripUITests.release.xcconfig */,
			);
			name = Pods;
			sourceTree = "<group>";
		};
/* End PBXGroup section */

/* Begin PBXNativeTarget section */
		41E3F84A1F0CE27F00948B42 /* TestXLPagerTabStrip */ = {
			isa = PBXNativeTarget;
			buildConfigurationList = 41E3F8731F0CE27F00948B42 /* Build configuration list for PBXNativeTarget "TestXLPagerTabStrip" */;
			buildPhases = (
				EC0BE2DA7B057D3F8D464331 /* [CP] Check Pods Manifest.lock */,
				41E3F8471F0CE27F00948B42 /* Sources */,
				41E3F8481F0CE27F00948B42 /* Frameworks */,
				41E3F8491F0CE27F00948B42 /* Resources */,
				D78858B8B3009028582FEABD /* [CP] Embed Pods Frameworks */,
				F14F512BF0B1596CA6D346C3 /* [CP] Copy Pods Resources */,
			);
			buildRules = (
			);
			dependencies = (
			);
			name = TestXLPagerTabStrip;
			productName = TestXLPagerTabStrip;
			productReference = 41E3F84B1F0CE27F00948B42 /* TestXLPagerTabStrip.app */;
			productType = "com.apple.product-type.application";
		};
		41E3F85E1F0CE27F00948B42 /* TestXLPagerTabStripTests */ = {
			isa = PBXNativeTarget;
			buildConfigurationList = 41E3F8761F0CE27F00948B42 /* Build configuration list for PBXNativeTarget "TestXLPagerTabStripTests" */;
			buildPhases = (
				54089A285BF1422646BAB469 /* [CP] Check Pods Manifest.lock */,
				41E3F85B1F0CE27F00948B42 /* Sources */,
				41E3F85C1F0CE27F00948B42 /* Frameworks */,
				41E3F85D1F0CE27F00948B42 /* Resources */,
				81C8A508984525242DB0EB55 /* [CP] Embed Pods Frameworks */,
				E00E8ACAF322705458B99F27 /* [CP] Copy Pods Resources */,
			);
			buildRules = (
			);
			dependencies = (
				41E3F8611F0CE27F00948B42 /* PBXTargetDependency */,
			);
			name = TestXLPagerTabStripTests;
			productName = TestXLPagerTabStripTests;
			productReference = 41E3F85F1F0CE27F00948B42 /* TestXLPagerTabStripTests.xctest */;
			productType = "com.apple.product-type.bundle.unit-test";
		};
		41E3F8691F0CE27F00948B42 /* TestXLPagerTabStripUITests */ = {
			isa = PBXNativeTarget;
			buildConfigurationList = 41E3F8791F0CE27F00948B42 /* Build configuration list for PBXNativeTarget "TestXLPagerTabStripUITests" */;
			buildPhases = (
				810A4FDD42ED2D44A8965E87 /* [CP] Check Pods Manifest.lock */,
				41E3F8661F0CE27F00948B42 /* Sources */,
				41E3F8671F0CE27F00948B42 /* Frameworks */,
				41E3F8681F0CE27F00948B42 /* Resources */,
				EB2E26860EB5D35BF532AABC /* [CP] Embed Pods Frameworks */,
				6149314BAA1148A30584C7AF /* [CP] Copy Pods Resources */,
			);
			buildRules = (
			);
			dependencies = (
				41E3F86C1F0CE27F00948B42 /* PBXTargetDependency */,
			);
			name = TestXLPagerTabStripUITests;
			productName = TestXLPagerTabStripUITests;
			productReference = 41E3F86A1F0CE27F00948B42 /* TestXLPagerTabStripUITests.xctest */;
			productType = "com.apple.product-type.bundle.ui-testing";
		};
/* End PBXNativeTarget section */

/* Begin PBXProject section */
		41E3F8431F0CE27F00948B42 /* Project object */ = {
			isa = PBXProject;
			attributes = {
				LastSwiftUpdateCheck = 0830;
				LastUpgradeCheck = 0830;
				ORGANIZATIONNAME = "Siwawes Wongcharoen";
				TargetAttributes = {
					41E3F84A1F0CE27F00948B42 = {
						CreatedOnToolsVersion = 8.3.3;
						DevelopmentTeam = XYW2JG27N9;
						ProvisioningStyle = Automatic;
					};
					41E3F85E1F0CE27F00948B42 = {
						CreatedOnToolsVersion = 8.3.3;
						ProvisioningStyle = Automatic;
						TestTargetID = 41E3F84A1F0CE27F00948B42;
					};
					41E3F8691F0CE27F00948B42 = {
						CreatedOnToolsVersion = 8.3.3;
						ProvisioningStyle = Automatic;
						TestTargetID = 41E3F84A1F0CE27F00948B42;
					};
				};
			};
			buildConfigurationList = 41E3F8461F0CE27F00948B42 /* Build configuration list for PBXProject "TestXLPagerTabStrip" */;
			compatibilityVersion = "Xcode 3.2";
			developmentRegion = English;
			hasScannedForEncodings = 0;
			knownRegions = (
				en,
				Base,
			);
			mainGroup = 41E3F8421F0CE27F00948B42;
			productRefGroup = 41E3F84C1F0CE27F00948B42 /* Products */;
			projectDirPath = "";
			projectRoot = "";
			targets = (
				41E3F84A1F0CE27F00948B42 /* TestXLPagerTabStrip */,
				41E3F85E1F0CE27F00948B42 /* TestXLPagerTabStripTests */,
				41E3F8691F0CE27F00948B42 /* TestXLPagerTabStripUITests */,
			);
		};
/* End PBXProject section */

/* Begin PBXResourcesBuildPhase section */
		41E3F8491F0CE27F00948B42 /* Resources */ = {
			isa = PBXResourcesBuildPhase;
			buildActionMask = 2147483647;
			files = (
				41E3F87F1F0CE2BC00948B42 /* Tab.storyboard in Resources */,
				41E3F8591F0CE27F00948B42 /* LaunchScreen.storyboard in Resources */,
				41E3F8561F0CE27F00948B42 /* Assets.xcassets in Resources */,
				41E3F8541F0CE27F00948B42 /* Main.storyboard in Resources */,
			);
			runOnlyForDeploymentPostprocessing = 0;
		};
		41E3F85D1F0CE27F00948B42 /* Resources */ = {
			isa = PBXResourcesBuildPhase;
			buildActionMask = 2147483647;
			files = (
			);
			runOnlyForDeploymentPostprocessing = 0;
		};
		41E3F8681F0CE27F00948B42 /* Resources */ = {
			isa = PBXResourcesBuildPhase;
			buildActionMask = 2147483647;
			files = (
			);
			runOnlyForDeploymentPostprocessing = 0;
		};
/* End PBXResourcesBuildPhase section */

/* Begin PBXShellScriptBuildPhase section */
		54089A285BF1422646BAB469 /* [CP] Check Pods Manifest.lock */ = {
			isa = PBXShellScriptBuildPhase;
			buildActionMask = 2147483647;
			files = (
			);
			inputPaths = (
			);
			name = "[CP] Check Pods Manifest.lock";
			outputPaths = (
			);
			runOnlyForDeploymentPostprocessing = 0;
			shellPath = /bin/sh;
			shellScript = "diff \"${PODS_PODFILE_DIR_PATH}/Podfile.lock\" \"${PODS_ROOT}/Manifest.lock\" > /dev/null\nif [ $? != 0 ] ; then\n    # print error to STDERR\n    echo \"error: The sandbox is not in sync with the Podfile.lock. Run 'pod install' or update your CocoaPods installation.\" >&2\n    exit 1\nfi\n";
			showEnvVarsInLog = 0;
		};
		6149314BAA1148A30584C7AF /* [CP] Copy Pods Resources */ = {
			isa = PBXShellScriptBuildPhase;
			buildActionMask = 2147483647;
			files = (
			);
			inputPaths = (
			);
			name = "[CP] Copy Pods Resources";
			outputPaths = (
			);
			runOnlyForDeploymentPostprocessing = 0;
			shellPath = /bin/sh;
			shellScript = "\"${SRCROOT}/Pods/Target Support Files/Pods-TestXLPagerTabStripUITests/Pods-TestXLPagerTabStripUITests-resources.sh\"\n";
			showEnvVarsInLog = 0;
		};
		810A4FDD42ED2D44A8965E87 /* [CP] Check Pods Manifest.lock */ = {
			isa = PBXShellScriptBuildPhase;
			buildActionMask = 2147483647;
			files = (
			);
			inputPaths = (
			);
			name = "[CP] Check Pods Manifest.lock";
			outputPaths = (
			);
			runOnlyForDeploymentPostprocessing = 0;
			shellPath = /bin/sh;
			shellScript = "diff \"${PODS_PODFILE_DIR_PATH}/Podfile.lock\" \"${PODS_ROOT}/Manifest.lock\" > /dev/null\nif [ $? != 0 ] ; then\n    # print error to STDERR\n    echo \"error: The sandbox is not in sync with the Podfile.lock. Run 'pod install' or update your CocoaPods installation.\" >&2\n    exit 1\nfi\n";
			showEnvVarsInLog = 0;
		};
		81C8A508984525242DB0EB55 /* [CP] Embed Pods Frameworks */ = {
			isa = PBXShellScriptBuildPhase;
			buildActionMask = 2147483647;
			files = (
			);
			inputPaths = (
			);
			name = "[CP] Embed Pods Frameworks";
			outputPaths = (
			);
			runOnlyForDeploymentPostprocessing = 0;
			shellPath = /bin/sh;
			shellScript = "\"${SRCROOT}/Pods/Target Support Files/Pods-TestXLPagerTabStripTests/Pods-TestXLPagerTabStripTests-frameworks.sh\"\n";
			showEnvVarsInLog = 0;
		};
		D78858B8B3009028582FEABD /* [CP] Embed Pods Frameworks */ = {
			isa = PBXShellScriptBuildPhase;
			buildActionMask = 2147483647;
			files = (
			);
			inputPaths = (
			);
			name = "[CP] Embed Pods Frameworks";
			outputPaths = (
			);
			runOnlyForDeploymentPostprocessing = 0;
			shellPath = /bin/sh;
			shellScript = "\"${SRCROOT}/Pods/Target Support Files/Pods-TestXLPagerTabStrip/Pods-TestXLPagerTabStrip-frameworks.sh\"\n";
			showEnvVarsInLog = 0;
		};
		E00E8ACAF322705458B99F27 /* [CP] Copy Pods Resources */ = {
			isa = PBXShellScriptBuildPhase;
			buildActionMask = 2147483647;
			files = (
			);
			inputPaths = (
			);
			name = "[CP] Copy Pods Resources";
			outputPaths = (
			);
			runOnlyForDeploymentPostprocessing = 0;
			shellPath = /bin/sh;
			shellScript = "\"${SRCROOT}/Pods/Target Support Files/Pods-TestXLPagerTabStripTests/Pods-TestXLPagerTabStripTests-resources.sh\"\n";
			showEnvVarsInLog = 0;
		};
		EB2E26860EB5D35BF532AABC /* [CP] Embed Pods Frameworks */ = {
			isa = PBXShellScriptBuildPhase;
			buildActionMask = 2147483647;
			files = (
			);
			inputPaths = (
			);
			name = "[CP] Embed Pods Frameworks";
			outputPaths = (
			);
			runOnlyForDeploymentPostprocessing = 0;
			shellPath = /bin/sh;
			shellScript = "\"${SRCROOT}/Pods/Target Support Files/Pods-TestXLPagerTabStripUITests/Pods-TestXLPagerTabStripUITests-frameworks.sh\"\n";
			showEnvVarsInLog = 0;
		};
		EC0BE2DA7B057D3F8D464331 /* [CP] Check Pods Manifest.lock */ = {
			isa = PBXShellScriptBuildPhase;
			buildActionMask = 2147483647;
			files = (
			);
			inputPaths = (
			);
			name = "[CP] Check Pods Manifest.lock";
			outputPaths = (
			);
			runOnlyForDeploymentPostprocessing = 0;
			shellPath = /bin/sh;
			shellScript = "diff \"${PODS_PODFILE_DIR_PATH}/Podfile.lock\" \"${PODS_ROOT}/Manifest.lock\" > /dev/null\nif [ $? != 0 ] ; then\n    # print error to STDERR\n    echo \"error: The sandbox is not in sync with the Podfile.lock. Run 'pod install' or update your CocoaPods installation.\" >&2\n    exit 1\nfi\n";
			showEnvVarsInLog = 0;
		};
		F14F512BF0B1596CA6D346C3 /* [CP] Copy Pods Resources */ = {
			isa = PBXShellScriptBuildPhase;
			buildActionMask = 2147483647;
			files = (
			);
			inputPaths = (
			);
			name = "[CP] Copy Pods Resources";
			outputPaths = (
			);
			runOnlyForDeploymentPostprocessing = 0;
			shellPath = /bin/sh;
			shellScript = "\"${SRCROOT}/Pods/Target Support Files/Pods-TestXLPagerTabStrip/Pods-TestXLPagerTabStrip-resources.sh\"\n";
			showEnvVarsInLog = 0;
		};
/* End PBXShellScriptBuildPhase section */

/* Begin PBXSourcesBuildPhase section */
		41E3F8471F0CE27F00948B42 /* Sources */ = {
			isa = PBXSourcesBuildPhase;
			buildActionMask = 2147483647;
			files = (
				41E3F8511F0CE27F00948B42 /* ViewController.swift in Sources */,
				411EB3351F0CE84700E1229F /* MyTabViewController.swift in Sources */,
				41E3F8831F0CE51F00948B42 /* BViewController.swift in Sources */,
				41E3F8811F0CE50E00948B42 /* AViewController.swift in Sources */,
				41E3F84F1F0CE27F00948B42 /* AppDelegate.swift in Sources */,
			);
			runOnlyForDeploymentPostprocessing = 0;
		};
		41E3F85B1F0CE27F00948B42 /* Sources */ = {
			isa = PBXSourcesBuildPhase;
			buildActionMask = 2147483647;
			files = (
				41E3F8641F0CE27F00948B42 /* TestXLPagerTabStripTests.swift in Sources */,
			);
			runOnlyForDeploymentPostprocessing = 0;
		};
		41E3F8661F0CE27F00948B42 /* Sources */ = {
			isa = PBXSourcesBuildPhase;
			buildActionMask = 2147483647;
			files = (
				41E3F86F1F0CE27F00948B42 /* TestXLPagerTabStripUITests.swift in Sources */,
			);
			runOnlyForDeploymentPostprocessing = 0;
		};
/* End PBXSourcesBuildPhase section */

/* Begin PBXTargetDependency section */
		41E3F8611F0CE27F00948B42 /* PBXTargetDependency */ = {
			isa = PBXTargetDependency;
			target = 41E3F84A1F0CE27F00948B42 /* TestXLPagerTabStrip */;
			targetProxy = 41E3F8601F0CE27F00948B42 /* PBXContainerItemProxy */;
		};
		41E3F86C1F0CE27F00948B42 /* PBXTargetDependency */ = {
			isa = PBXTargetDependency;
			target = 41E3F84A1F0CE27F00948B42 /* TestXLPagerTabStrip */;
			targetProxy = 41E3F86B1F0CE27F00948B42 /* PBXContainerItemProxy */;
		};
/* End PBXTargetDependency section */

/* Begin PBXVariantGroup section */
		41E3F8521F0CE27F00948B42 /* Main.storyboard */ = {
			isa = PBXVariantGroup;
			children = (
				41E3F8531F0CE27F00948B42 /* Base */,
			);
			name = Main.storyboard;
			sourceTree = "<group>";
		};
		41E3F8571F0CE27F00948B42 /* LaunchScreen.storyboard */ = {
			isa = PBXVariantGroup;
			children = (
				41E3F8581F0CE27F00948B42 /* Base */,
			);
			name = LaunchScreen.storyboard;
			sourceTree = "<group>";
		};
/* End PBXVariantGroup section */

/* Begin XCBuildConfiguration section */
		41E3F8711F0CE27F00948B42 /* Debug */ = {
			isa = XCBuildConfiguration;
			buildSettings = {
				ALWAYS_SEARCH_USER_PATHS = NO;
				CLANG_ANALYZER_NONNULL = YES;
				CLANG_ANALYZER_NUMBER_OBJECT_CONVERSION = YES_AGGRESSIVE;
				CLANG_CXX_LANGUAGE_STANDARD = "gnu++0x";
				CLANG_CXX_LIBRARY = "libc++";
				CLANG_ENABLE_MODULES = YES;
				CLANG_ENABLE_OBJC_ARC = YES;
				CLANG_WARN_BOOL_CONVERSION = YES;
				CLANG_WARN_CONSTANT_CONVERSION = YES;
				CLANG_WARN_DIRECT_OBJC_ISA_USAGE = YES_ERROR;
				CLANG_WARN_DOCUMENTATION_COMMENTS = YES;
				CLANG_WARN_EMPTY_BODY = YES;
				CLANG_WARN_ENUM_CONVERSION = YES;
				CLANG_WARN_INFINITE_RECURSION = YES;
				CLANG_WARN_INT_CONVERSION = YES;
				CLANG_WARN_OBJC_ROOT_CLASS = YES_ERROR;
				CLANG_WARN_SUSPICIOUS_MOVE = YES;
				CLANG_WARN_UNREACHABLE_CODE = YES;
				CLANG_WARN__DUPLICATE_METHOD_MATCH = YES;
				"CODE_SIGN_IDENTITY[sdk=iphoneos*]" = "iPhone Developer";
				COPY_PHASE_STRIP = NO;
				DEBUG_INFORMATION_FORMAT = dwarf;
				ENABLE_STRICT_OBJC_MSGSEND = YES;
				ENABLE_TESTABILITY = YES;
				GCC_C_LANGUAGE_STANDARD = gnu99;
				GCC_DYNAMIC_NO_PIC = NO;
				GCC_NO_COMMON_BLOCKS = YES;
				GCC_OPTIMIZATION_LEVEL = 0;
				GCC_PREPROCESSOR_DEFINITIONS = (
					"DEBUG=1",
					"$(inherited)",
				);
				GCC_WARN_64_TO_32_BIT_CONVERSION = YES;
				GCC_WARN_ABOUT_RETURN_TYPE = YES_ERROR;
				GCC_WARN_UNDECLARED_SELECTOR = YES;
				GCC_WARN_UNINITIALIZED_AUTOS = YES_AGGRESSIVE;
				GCC_WARN_UNUSED_FUNCTION = YES;
				GCC_WARN_UNUSED_VARIABLE = YES;
				IPHONEOS_DEPLOYMENT_TARGET = 10.3;
				MTL_ENABLE_DEBUG_INFO = YES;
				ONLY_ACTIVE_ARCH = YES;
				SDKROOT = iphoneos;
				SWIFT_ACTIVE_COMPILATION_CONDITIONS = DEBUG;
				SWIFT_OPTIMIZATION_LEVEL = "-Onone";
				TARGETED_DEVICE_FAMILY = "1,2";
			};
			name = Debug;
		};
		41E3F8721F0CE27F00948B42 /* Release */ = {
			isa = XCBuildConfiguration;
			buildSettings = {
				ALWAYS_SEARCH_USER_PATHS = NO;
				CLANG_ANALYZER_NONNULL = YES;
				CLANG_ANALYZER_NUMBER_OBJECT_CONVERSION = YES_AGGRESSIVE;
				CLANG_CXX_LANGUAGE_STANDARD = "gnu++0x";
				CLANG_CXX_LIBRARY = "libc++";
				CLANG_ENABLE_MODULES = YES;
				CLANG_ENABLE_OBJC_ARC = YES;
				CLANG_WARN_BOOL_CONVERSION = YES;
				CLANG_WARN_CONSTANT_CONVERSION = YES;
				CLANG_WARN_DIRECT_OBJC_ISA_USAGE = YES_ERROR;
				CLANG_WARN_DOCUMENTATION_COMMENTS = YES;
				CLANG_WARN_EMPTY_BODY = YES;
				CLANG_WARN_ENUM_CONVERSION = YES;
				CLANG_WARN_INFINITE_RECURSION = YES;
				CLANG_WARN_INT_CONVERSION = YES;
				CLANG_WARN_OBJC_ROOT_CLASS = YES_ERROR;
				CLANG_WARN_SUSPICIOUS_MOVE = YES;
				CLANG_WARN_UNREACHABLE_CODE = YES;
				CLANG_WARN__DUPLICATE_METHOD_MATCH = YES;
				"CODE_SIGN_IDENTITY[sdk=iphoneos*]" = "iPhone Developer";
				COPY_PHASE_STRIP = NO;
				DEBUG_INFORMATION_FORMAT = "dwarf-with-dsym";
				ENABLE_NS_ASSERTIONS = NO;
				ENABLE_STRICT_OBJC_MSGSEND = YES;
				GCC_C_LANGUAGE_STANDARD = gnu99;
				GCC_NO_COMMON_BLOCKS = YES;
				GCC_WARN_64_TO_32_BIT_CONVERSION = YES;
				GCC_WARN_ABOUT_RETURN_TYPE = YES_ERROR;
				GCC_WARN_UNDECLARED_SELECTOR = YES;
				GCC_WARN_UNINITIALIZED_AUTOS = YES_AGGRESSIVE;
				GCC_WARN_UNUSED_FUNCTION = YES;
				GCC_WARN_UNUSED_VARIABLE = YES;
				IPHONEOS_DEPLOYMENT_TARGET = 10.3;
				MTL_ENABLE_DEBUG_INFO = NO;
				SDKROOT = iphoneos;
				SWIFT_OPTIMIZATION_LEVEL = "-Owholemodule";
				TARGETED_DEVICE_FAMILY = "1,2";
				VALIDATE_PRODUCT = YES;
			};
			name = Release;
		};
		41E3F8741F0CE27F00948B42 /* Debug */ = {
			isa = XCBuildConfiguration;
			baseConfigurationReference = ACEEBB8AB00E2CA707A3DF12 /* Pods-TestXLPagerTabStrip.debug.xcconfig */;
			buildSettings = {
				ASSETCATALOG_COMPILER_APPICON_NAME = AppIcon;
				DEVELOPMENT_TEAM = XYW2JG27N9;
				INFOPLIST_FILE = TestXLPagerTabStrip/Info.plist;
				LD_RUNPATH_SEARCH_PATHS = "$(inherited) @executable_path/Frameworks";
				PRODUCT_BUNDLE_IDENTIFIER = com.siwawesw.TestXLPagerTabStrip;
				PRODUCT_NAME = "$(TARGET_NAME)";
				SWIFT_VERSION = 3.0;
			};
			name = Debug;
		};
		41E3F8751F0CE27F00948B42 /* Release */ = {
			isa = XCBuildConfiguration;
			baseConfigurationReference = 04C31E1489FC07FEE0941996 /* Pods-TestXLPagerTabStrip.release.xcconfig */;
			buildSettings = {
				ASSETCATALOG_COMPILER_APPICON_NAME = AppIcon;
				DEVELOPMENT_TEAM = XYW2JG27N9;
				INFOPLIST_FILE = TestXLPagerTabStrip/Info.plist;
				LD_RUNPATH_SEARCH_PATHS = "$(inherited) @executable_path/Frameworks";
				PRODUCT_BUNDLE_IDENTIFIER = com.siwawesw.TestXLPagerTabStrip;
				PRODUCT_NAME = "$(TARGET_NAME)";
				SWIFT_VERSION = 3.0;
			};
			name = Release;
		};
		41E3F8771F0CE27F00948B42 /* Debug */ = {
			isa = XCBuildConfiguration;
			baseConfigurationReference = F63ECDD6D872A0A46A689315 /* Pods-TestXLPagerTabStripTests.debug.xcconfig */;
			buildSettings = {
				ALWAYS_EMBED_SWIFT_STANDARD_LIBRARIES = YES;
				BUNDLE_LOADER = "$(TEST_HOST)";
				INFOPLIST_FILE = TestXLPagerTabStripTests/Info.plist;
				LD_RUNPATH_SEARCH_PATHS = "$(inherited) @executable_path/Frameworks @loader_path/Frameworks";
				PRODUCT_BUNDLE_IDENTIFIER = com.siwawesw.TestXLPagerTabStripTests;
				PRODUCT_NAME = "$(TARGET_NAME)";
				SWIFT_VERSION = 3.0;
				TEST_HOST = "$(BUILT_PRODUCTS_DIR)/TestXLPagerTabStrip.app/TestXLPagerTabStrip";
			};
			name = Debug;
		};
		41E3F8781F0CE27F00948B42 /* Release */ = {
			isa = XCBuildConfiguration;
			baseConfigurationReference = 9ADF099AA46641B89C6C6BEA /* Pods-TestXLPagerTabStripTests.release.xcconfig */;
			buildSettings = {
				ALWAYS_EMBED_SWIFT_STANDARD_LIBRARIES = YES;
				BUNDLE_LOADER = "$(TEST_HOST)";
				INFOPLIST_FILE = TestXLPagerTabStripTests/Info.plist;
				LD_RUNPATH_SEARCH_PATHS = "$(inherited) @executable_path/Frameworks @loader_path/Frameworks";
				PRODUCT_BUNDLE_IDENTIFIER = com.siwawesw.TestXLPagerTabStripTests;
				PRODUCT_NAME = "$(TARGET_NAME)";
				SWIFT_VERSION = 3.0;
				TEST_HOST = "$(BUILT_PRODUCTS_DIR)/TestXLPagerTabStrip.app/TestXLPagerTabStrip";
			};
			name = Release;
		};
		41E3F87A1F0CE27F00948B42 /* Debug */ = {
			isa = XCBuildConfiguration;
			baseConfigurationReference = 3FEC7A94C19023B0E449116E /* Pods-TestXLPagerTabStripUITests.debug.xcconfig */;
			buildSettings = {
				ALWAYS_EMBED_SWIFT_STANDARD_LIBRARIES = YES;
				INFOPLIST_FILE = TestXLPagerTabStripUITests/Info.plist;
				LD_RUNPATH_SEARCH_PATHS = "$(inherited) @executable_path/Frameworks @loader_path/Frameworks";
				PRODUCT_BUNDLE_IDENTIFIER = com.siwawesw.TestXLPagerTabStripUITests;
				PRODUCT_NAME = "$(TARGET_NAME)";
				SWIFT_VERSION = 3.0;
				TEST_TARGET_NAME = TestXLPagerTabStrip;
			};
			name = Debug;
		};
		41E3F87B1F0CE27F00948B42 /* Release */ = {
			isa = XCBuildConfiguration;
			baseConfigurationReference = 47550AF32749D9FA5C8519A0 /* Pods-TestXLPagerTabStripUITests.release.xcconfig */;
			buildSettings = {
				ALWAYS_EMBED_SWIFT_STANDARD_LIBRARIES = YES;
				INFOPLIST_FILE = TestXLPagerTabStripUITests/Info.plist;
				LD_RUNPATH_SEARCH_PATHS = "$(inherited) @executable_path/Frameworks @loader_path/Frameworks";
				PRODUCT_BUNDLE_IDENTIFIER = com.siwawesw.TestXLPagerTabStripUITests;
				PRODUCT_NAME = "$(TARGET_NAME)";
				SWIFT_VERSION = 3.0;
				TEST_TARGET_NAME = TestXLPagerTabStrip;
			};
			name = Release;
		};
/* End XCBuildConfiguration section */

/* Begin XCConfigurationList section */
		41E3F8461F0CE27F00948B42 /* Build configuration list for PBXProject "TestXLPagerTabStrip" */ = {
			isa = XCConfigurationList;
			buildConfigurations = (
				41E3F8711F0CE27F00948B42 /* Debug */,
				41E3F8721F0CE27F00948B42 /* Release */,
			);
			defaultConfigurationIsVisible = 0;
			defaultConfigurationName = Release;
		};
		41E3F8731F0CE27F00948B42 /* Build configuration list for PBXNativeTarget "TestXLPagerTabStrip" */ = {
			isa = XCConfigurationList;
			buildConfigurations = (
				41E3F8741F0CE27F00948B42 /* Debug */,
				41E3F8751F0CE27F00948B42 /* Release */,
			);
			defaultConfigurationIsVisible = 0;
			defaultConfigurationName = Release;
		};
		41E3F8761F0CE27F00948B42 /* Build configuration list for PBXNativeTarget "TestXLPagerTabStripTests" */ = {
			isa = XCConfigurationList;
			buildConfigurations = (
				41E3F8771F0CE27F00948B42 /* Debug */,
				41E3F8781F0CE27F00948B42 /* Release */,
			);
			defaultConfigurationIsVisible = 0;
			defaultConfigurationName = Release;
		};
		41E3F8791F0CE27F00948B42 /* Build configuration list for PBXNativeTarget "TestXLPagerTabStripUITests" */ = {
			isa = XCConfigurationList;
			buildConfigurations = (
				41E3F87A1F0CE27F00948B42 /* Debug */,
				41E3F87B1F0CE27F00948B42 /* Release */,
			);
			defaultConfigurationIsVisible = 0;
			defaultConfigurationName = Release;
		};
/* End XCConfigurationList section */
	};
	rootObject = 41E3F8431F0CE27F00948B42 /* Project object */;
}
